
Microsoft Visual Studio Solution File, Format Version 12.00
# Visual Studio Version 16
VisualStudioVersion = 16.0.29503.13
MinimumVisualStudioVersion = 10.0.40219.1
Project("{FAE04EC0-301F-11D3-BF4B-00C04F79EFBC}") = "PixeeSharp", "PixeeSharp\PixeeSharp.csproj", "{D916FCEB-19B2-46B1-BE57-20A782A544D0}"
EndProject
Project("{FAE04EC0-301F-11D3-BF4B-00C04F79EFBC}") = "TestConsole", "TestConsole\TestConsole.csproj", "{F0A264B7-F8D5-4E5D-BCF3-A71C99A8F7E3}"
	ProjectSection(ProjectDependencies) = postProject
		{D916FCEB-19B2-46B1-BE57-20A782A544D0} = {D916FCEB-19B2-46B1-BE57-20A782A544D0}
	EndProjectSection
EndProject
Global
	GlobalSection(SolutionConfigurationPlatforms) = preSolution
		Debug|Any CPU = Debug|Any CPU
		Release|Any CPU = Release|Any CPU
	EndGlobalSection
	GlobalSection(ProjectConfigurationPlatforms) = postSolution
		{D916FCEB-19B2-46B1-BE57-20A782A544D0}.Debug|Any CPU.ActiveCfg = Debug|Any CPU
		{D916FCEB-19B2-46B1-BE57-20A782A544D0}.Debug|Any CPU.Build.0 = Debug|Any CPU
		{D916FCEB-19B2-46B1-BE57-20A782A544D0}.Release|Any CPU.ActiveCfg = Release|Any CPU
		{D916FCEB-19B2-46B1-BE57-20A782A544D0}.Release|Any CPU.Build.0 = Release|Any CPU
		{F0A264B7-F8D5-4E5D-BCF3-A71C99A8F7E3}.Debug|Any CPU.ActiveCfg = Debug|Any CPU
		{F0A264B7-F8D5-4E5D-BCF3-A71C99A8F7E3}.Debug|Any CPU.Build.0 = Debug|Any CPU
		{F0A264B7-F8D5-4E5D-BCF3-A71C99A8F7E3}.Release|Any CPU.ActiveCfg = Release|Any CPU
		{F0A264B7-F8D5-4E5D-BCF3-A71C99A8F7E3}.Release|Any CPU.Build.0 = Release|Any CPU
	EndGlobalSection
	GlobalSection(SolutionProperties) = preSolution
		HideSolutionNode = FALSE
	EndGlobalSection
	GlobalSection(ExtensibilityGlobals) = postSolution
		SolutionGuid = {9F53DB0F-CE56-44F4-A0B8-88318AB7BE4A}
	EndGlobalSection
EndGlobal
